
Microsoft Visual Studio Solution File, Format Version 12.00
# Visual Studio Version 17
VisualStudioVersion = 17.8.34309.116
MinimumVisualStudioVersion = 10.0.40219.1
Project("{FAE04EC0-301F-11D3-BF4B-00C04F79EFBC}") = "Wema.BIT", "Wema.BIT\Wema.BIT.csproj", "{F3C60A4D-13BD-4006-9789-ECD4A76B1985}"
EndProject
Global
	GlobalSection(SolutionConfigurationPlatforms) = preSolution
		Debug|Any CPU = Debug|Any CPU
		Release|Any CPU = Release|Any CPU
	EndGlobalSection
	GlobalSection(ProjectConfigurationPlatforms) = postSolution
		{F3C60A4D-13BD-4006-9789-ECD4A76B1985}.Debug|Any CPU.ActiveCfg = Debug|Any CPU
		{F3C60A4D-13BD-4006-9789-ECD4A76B1985}.Debug|Any CPU.Build.0 = Debug|Any CPU
		{F3C60A4D-13BD-4006-9789-ECD4A76B1985}.Release|Any CPU.ActiveCfg = Release|Any CPU
		{F3C60A4D-13BD-4006-9789-ECD4A76B1985}.Release|Any CPU.Build.0 = Release|Any CPU
	EndGlobalSection
	GlobalSection(SolutionProperties) = preSolution
		HideSolutionNode = FALSE
	EndGlobalSection
	GlobalSection(ExtensibilityGlobals) = postSolution
		SolutionGuid = {389D10AC-2C85-4048-8A1A-FE103EDC9702}
	EndGlobalSection
EndGlobal
